// !$*UTF8*$!
{
	archiveVersion = 1;
	classes = {
	};
	objectVersion = 50;
	objects = {

/* Begin PBXBuildFile section */
		834BF36725B9AB04009B1E84 /* AppDelegate.swift in Sources */ = {isa = PBXBuildFile; fileRef = 834BF36625B9AB04009B1E84 /* AppDelegate.swift */; };
		834BF36925B9AB04009B1E84 /* SceneDelegate.swift in Sources */ = {isa = PBXBuildFile; fileRef = 834BF36825B9AB04009B1E84 /* SceneDelegate.swift */; };
		834BF36B25B9AB04009B1E84 /* MainScreen.swift in Sources */ = {isa = PBXBuildFile; fileRef = 834BF36A25B9AB04009B1E84 /* MainScreen.swift */; };
		834BF37025B9AB08009B1E84 /* Assets.xcassets in Resources */ = {isa = PBXBuildFile; fileRef = 834BF36F25B9AB08009B1E84 /* Assets.xcassets */; };
		834BF37325B9AB08009B1E84 /* LaunchScreen.storyboard in Resources */ = {isa = PBXBuildFile; fileRef = 834BF37125B9AB08009B1E84 /* LaunchScreen.storyboard */; };
		83C8F7F625C40D400033EAB8 /* DetailScreen.swift in Sources */ = {isa = PBXBuildFile; fileRef = 83C8F7F525C40D400033EAB8 /* DetailScreen.swift */; };
		83CA2F5625BF1BFD00BEEC0A /* SearchScreen.swift in Sources */ = {isa = PBXBuildFile; fileRef = 83CA2F5525BF1BFD00BEEC0A /* SearchScreen.swift */; };
		83CA2F5B25BF218600BEEC0A /* HomeScreen.swift in Sources */ = {isa = PBXBuildFile; fileRef = 83CA2F5A25BF218600BEEC0A /* HomeScreen.swift */; };
		83CA2F5E25BF23F500BEEC0A /* ProfileScreen.swift in Sources */ = {isa = PBXBuildFile; fileRef = 83CA2F5D25BF23F500BEEC0A /* ProfileScreen.swift */; };
/* End PBXBuildFile section */

/* Begin PBXFileReference section */
		834BF36325B9AB04009B1E84 /* gamesdb.app */ = {isa = PBXFileReference; explicitFileType = wrapper.application; includeInIndex = 0; path = gamesdb.app; sourceTree = BUILT_PRODUCTS_DIR; };
		834BF36625B9AB04009B1E84 /* AppDelegate.swift */ = {isa = PBXFileReference; lastKnownFileType = sourcecode.swift; path = AppDelegate.swift; sourceTree = "<group>"; };
		834BF36825B9AB04009B1E84 /* SceneDelegate.swift */ = {isa = PBXFileReference; lastKnownFileType = sourcecode.swift; path = SceneDelegate.swift; sourceTree = "<group>"; };
		834BF36A25B9AB04009B1E84 /* MainScreen.swift */ = {isa = PBXFileReference; lastKnownFileType = sourcecode.swift; path = MainScreen.swift; sourceTree = "<group>"; };
		834BF36F25B9AB08009B1E84 /* Assets.xcassets */ = {isa = PBXFileReference; lastKnownFileType = folder.assetcatalog; path = Assets.xcassets; sourceTree = "<group>"; };
		834BF37225B9AB08009B1E84 /* Base */ = {isa = PBXFileReference; lastKnownFileType = file.storyboard; name = Base; path = Base.lproj/LaunchScreen.storyboard; sourceTree = "<group>"; };
		834BF37425B9AB08009B1E84 /* Info.plist */ = {isa = PBXFileReference; lastKnownFileType = text.plist.xml; path = Info.plist; sourceTree = "<group>"; };
		83C8F7F525C40D400033EAB8 /* DetailScreen.swift */ = {isa = PBXFileReference; lastKnownFileType = sourcecode.swift; path = DetailScreen.swift; sourceTree = "<group>"; };
		83CA2F5525BF1BFD00BEEC0A /* SearchScreen.swift */ = {isa = PBXFileReference; lastKnownFileType = sourcecode.swift; path = SearchScreen.swift; sourceTree = "<group>"; };
		83CA2F5A25BF218600BEEC0A /* HomeScreen.swift */ = {isa = PBXFileReference; lastKnownFileType = sourcecode.swift; path = HomeScreen.swift; sourceTree = "<group>"; };
		83CA2F5D25BF23F500BEEC0A /* ProfileScreen.swift */ = {isa = PBXFileReference; lastKnownFileType = sourcecode.swift; path = ProfileScreen.swift; sourceTree = "<group>"; };
/* End PBXFileReference section */

/* Begin PBXFrameworksBuildPhase section */
		834BF36025B9AB04009B1E84 /* Frameworks */ = {
			isa = PBXFrameworksBuildPhase;
			buildActionMask = 2147483647;
			files = (
			);
			runOnlyForDeploymentPostprocessing = 0;
		};
/* End PBXFrameworksBuildPhase section */

/* Begin PBXGroup section */
		834BF35A25B9AB04009B1E84 = {
			isa = PBXGroup;
			children = (
				834BF36525B9AB04009B1E84 /* gamesdb */,
				834BF36425B9AB04009B1E84 /* Products */,
			);
			sourceTree = "<group>";
		};
		834BF36425B9AB04009B1E84 /* Products */ = {
			isa = PBXGroup;
			children = (
				834BF36325B9AB04009B1E84 /* gamesdb.app */,
			);
			name = Products;
			sourceTree = "<group>";
		};
		834BF36525B9AB04009B1E84 /* gamesdb */ = {
			isa = PBXGroup;
			children = (
				834BF36625B9AB04009B1E84 /* AppDelegate.swift */,
				834BF36825B9AB04009B1E84 /* SceneDelegate.swift */,
				83CA2F5825BF211C00BEEC0A /* Screens */,
				834BF36F25B9AB08009B1E84 /* Assets.xcassets */,
				834BF37125B9AB08009B1E84 /* LaunchScreen.storyboard */,
				834BF37425B9AB08009B1E84 /* Info.plist */,
			);
			path = gamesdb;
			sourceTree = "<group>";
		};
		83CA2F5825BF211C00BEEC0A /* Screens */ = {
			isa = PBXGroup;
			children = (
				834BF36A25B9AB04009B1E84 /* MainScreen.swift */,
				83CA2F5A25BF218600BEEC0A /* HomeScreen.swift */,
				83CA2F5D25BF23F500BEEC0A /* ProfileScreen.swift */,
				83CA2F5525BF1BFD00BEEC0A /* SearchScreen.swift */,
				83C8F7F525C40D400033EAB8 /* DetailScreen.swift */,
			);
			path = Screens;
			sourceTree = "<group>";
		};
/* End PBXGroup section */

/* Begin PBXNativeTarget section */
		834BF36225B9AB04009B1E84 /* gamesdb */ = {
			isa = PBXNativeTarget;
			buildConfigurationList = 834BF37725B9AB08009B1E84 /* Build configuration list for PBXNativeTarget "gamesdb" */;
			buildPhases = (
				834BF35F25B9AB04009B1E84 /* Sources */,
				834BF36025B9AB04009B1E84 /* Frameworks */,
				834BF36125B9AB04009B1E84 /* Resources */,
			);
			buildRules = (
			);
			dependencies = (
			);
			name = gamesdb;
			productName = gamesdb;
			productReference = 834BF36325B9AB04009B1E84 /* gamesdb.app */;
			productType = "com.apple.product-type.application";
		};
/* End PBXNativeTarget section */

/* Begin PBXProject section */
		834BF35B25B9AB04009B1E84 /* Project object */ = {
			isa = PBXProject;
			attributes = {
				LastSwiftUpdateCheck = 1230;
				LastUpgradeCheck = 1230;
				TargetAttributes = {
					834BF36225B9AB04009B1E84 = {
						CreatedOnToolsVersion = 12.3;
					};
				};
			};
			buildConfigurationList = 834BF35E25B9AB04009B1E84 /* Build configuration list for PBXProject "gamesdb" */;
			compatibilityVersion = "Xcode 9.3";
			developmentRegion = en;
			hasScannedForEncodings = 0;
			knownRegions = (
				en,
				Base,
			);
			mainGroup = 834BF35A25B9AB04009B1E84;
			productRefGroup = 834BF36425B9AB04009B1E84 /* Products */;
			projectDirPath = "";
			projectRoot = "";
			targets = (
				834BF36225B9AB04009B1E84 /* gamesdb */,
			);
		};
/* End PBXProject section */

/* Begin PBXResourcesBuildPhase section */
		834BF36125B9AB04009B1E84 /* Resources */ = {
			isa = PBXResourcesBuildPhase;
			buildActionMask = 2147483647;
			files = (
				834BF37325B9AB08009B1E84 /* LaunchScreen.storyboard in Resources */,
				834BF37025B9AB08009B1E84 /* Assets.xcassets in Resources */,
			);
			runOnlyForDeploymentPostprocessing = 0;
		};
/* End PBXResourcesBuildPhase section */

/* Begin PBXSourcesBuildPhase section */
		834BF35F25B9AB04009B1E84 /* Sources */ = {
			isa = PBXSourcesBuildPhase;
			buildActionMask = 2147483647;
			files = (
				834BF36B25B9AB04009B1E84 /* MainScreen.swift in Sources */,
				83CA2F5E25BF23F500BEEC0A /* ProfileScreen.swift in Sources */,
				83CA2F5B25BF218600BEEC0A /* HomeScreen.swift in Sources */,
				834BF36725B9AB04009B1E84 /* AppDelegate.swift in Sources */,
				834BF36925B9AB04009B1E84 /* SceneDelegate.swift in Sources */,
				83C8F7F625C40D400033EAB8 /* DetailScreen.swift in Sources */,
				83CA2F5625BF1BFD00BEEC0A /* SearchScreen.swift in Sources */,
			);
			runOnlyForDeploymentPostprocessing = 0;
		};
/* End PBXSourcesBuildPhase section */

/* Begin PBXVariantGroup section */
		834BF37125B9AB08009B1E84 /* LaunchScreen.storyboard */ = {
			isa = PBXVariantGroup;
			children = (
				834BF37225B9AB08009B1E84 /* Base */,
			);
			name = LaunchScreen.storyboard;
			sourceTree = "<group>";
		};
/* End PBXVariantGroup section */

/* Begin XCBuildConfiguration section */
		834BF37525B9AB08009B1E84 /* Debug */ = {
			isa = XCBuildConfiguration;
			buildSettings = {
				ALWAYS_SEARCH_USER_PATHS = NO;
				CLANG_ANALYZER_NONNULL = YES;
				CLANG_ANALYZER_NUMBER_OBJECT_CONVERSION = YES_AGGRESSIVE;
				CLANG_CXX_LANGUAGE_STANDARD = "gnu++14";
				CLANG_CXX_LIBRARY = "libc++";
				CLANG_ENABLE_MODULES = YES;
				CLANG_ENABLE_OBJC_ARC = YES;
				CLANG_ENABLE_OBJC_WEAK = YES;
				CLANG_WARN_BLOCK_CAPTURE_AUTORELEASING = YES;
				CLANG_WARN_BOOL_CONVERSION = YES;
				CLANG_WARN_COMMA = YES;
				CLANG_WARN_CONSTANT_CONVERSION = YES;
				CLANG_WARN_DEPRECATED_OBJC_IMPLEMENTATIONS = YES;
				CLANG_WARN_DIRECT_OBJC_ISA_USAGE = YES_ERROR;
				CLANG_WARN_DOCUMENTATION_COMMENTS = YES;
				CLANG_WARN_EMPTY_BODY = YES;
				CLANG_WARN_ENUM_CONVERSION = YES;
				CLANG_WARN_INFINITE_RECURSION = YES;
				CLANG_WARN_INT_CONVERSION = YES;
				CLANG_WARN_NON_LITERAL_NULL_CONVERSION = YES;
				CLANG_WARN_OBJC_IMPLICIT_RETAIN_SELF = YES;
				CLANG_WARN_OBJC_LITERAL_CONVERSION = YES;
				CLANG_WARN_OBJC_ROOT_CLASS = YES_ERROR;
				CLANG_WARN_QUOTED_INCLUDE_IN_FRAMEWORK_HEADER = YES;
				CLANG_WARN_RANGE_LOOP_ANALYSIS = YES;
				CLANG_WARN_STRICT_PROTOTYPES = YES;
				CLANG_WARN_SUSPICIOUS_MOVE = YES;
				CLANG_WARN_UNGUARDED_AVAILABILITY = YES_AGGRESSIVE;
				CLANG_WARN_UNREACHABLE_CODE = YES;
				CLANG_WARN__DUPLICATE_METHOD_MATCH = YES;
				COPY_PHASE_STRIP = NO;
				DEBUG_INFORMATION_FORMAT = dwarf;
				ENABLE_STRICT_OBJC_MSGSEND = YES;
				ENABLE_TESTABILITY = YES;
				GCC_C_LANGUAGE_STANDARD = gnu11;
				GCC_DYNAMIC_NO_PIC = NO;
				GCC_NO_COMMON_BLOCKS = YES;
				GCC_OPTIMIZATION_LEVEL = 0;
				GCC_PREPROCESSOR_DEFINITIONS = (
					"DEBUG=1",
					"$(inherited)",
				);
				GCC_WARN_64_TO_32_BIT_CONVERSION = YES;
				GCC_WARN_ABOUT_RETURN_TYPE = YES_ERROR;
				GCC_WARN_UNDECLARED_SELECTOR = YES;
				GCC_WARN_UNINITIALIZED_AUTOS = YES_AGGRESSIVE;
				GCC_WARN_UNUSED_FUNCTION = YES;
				GCC_WARN_UNUSED_VARIABLE = YES;
				IPHONEOS_DEPLOYMENT_TARGET = 14.3;
				MTL_ENABLE_DEBUG_INFO = INCLUDE_SOURCE;
				MTL_FAST_MATH = YES;
				ONLY_ACTIVE_ARCH = YES;
				SDKROOT = iphoneos;
				SWIFT_ACTIVE_COMPILATION_CONDITIONS = DEBUG;
				SWIFT_OPTIMIZATION_LEVEL = "-Onone";
			};
			name = Debug;
		};
		834BF37625B9AB08009B1E84 /* Release */ = {
			isa = XCBuildConfiguration;
			buildSettings = {
				ALWAYS_SEARCH_USER_PATHS = NO;
				CLANG_ANALYZER_NONNULL = YES;
				CLANG_ANALYZER_NUMBER_OBJECT_CONVERSION = YES_AGGRESSIVE;
				CLANG_CXX_LANGUAGE_STANDARD = "gnu++14";
				CLANG_CXX_LIBRARY = "libc++";
				CLANG_ENABLE_MODULES = YES;
				CLANG_ENABLE_OBJC_ARC = YES;
				CLANG_ENABLE_OBJC_WEAK = YES;
				CLANG_WARN_BLOCK_CAPTURE_AUTORELEASING = YES;
				CLANG_WARN_BOOL_CONVERSION = YES;
				CLANG_WARN_COMMA = YES;
				CLANG_WARN_CONSTANT_CONVERSION = YES;
				CLANG_WARN_DEPRECATED_OBJC_IMPLEMENTATIONS = YES;
				CLANG_WARN_DIRECT_OBJC_ISA_USAGE = YES_ERROR;
				CLANG_WARN_DOCUMENTATION_COMMENTS = YES;
				CLANG_WARN_EMPTY_BODY = YES;
				CLANG_WARN_ENUM_CONVERSION = YES;
				CLANG_WARN_INFINITE_RECURSION = YES;
				CLANG_WARN_INT_CONVERSION = YES;
				CLANG_WARN_NON_LITERAL_NULL_CONVERSION = YES;
				CLANG_WARN_OBJC_IMPLICIT_RETAIN_SELF = YES;
				CLANG_WARN_OBJC_LITERAL_CONVERSION = YES;
				CLANG_WARN_OBJC_ROOT_CLASS = YES_ERROR;
				CLANG_WARN_QUOTED_INCLUDE_IN_FRAMEWORK_HEADER = YES;
				CLANG_WARN_RANGE_LOOP_ANALYSIS = YES;
				CLANG_WARN_STRICT_PROTOTYPES = YES;
				CLANG_WARN_SUSPICIOUS_MOVE = YES;
				CLANG_WARN_UNGUARDED_AVAILABILITY = YES_AGGRESSIVE;
				CLANG_WARN_UNREACHABLE_CODE = YES;
				CLANG_WARN__DUPLICATE_METHOD_MATCH = YES;
				COPY_PHASE_STRIP = NO;
				DEBUG_INFORMATION_FORMAT = "dwarf-with-dsym";
				ENABLE_NS_ASSERTIONS = NO;
				ENABLE_STRICT_OBJC_MSGSEND = YES;
				GCC_C_LANGUAGE_STANDARD = gnu11;
				GCC_NO_COMMON_BLOCKS = YES;
				GCC_WARN_64_TO_32_BIT_CONVERSION = YES;
				GCC_WARN_ABOUT_RETURN_TYPE = YES_ERROR;
				GCC_WARN_UNDECLARED_SELECTOR = YES;
				GCC_WARN_UNINITIALIZED_AUTOS = YES_AGGRESSIVE;
				GCC_WARN_UNUSED_FUNCTION = YES;
				GCC_WARN_UNUSED_VARIABLE = YES;
				IPHONEOS_DEPLOYMENT_TARGET = 14.3;
				MTL_ENABLE_DEBUG_INFO = NO;
				MTL_FAST_MATH = YES;
				SDKROOT = iphoneos;
				SWIFT_COMPILATION_MODE = wholemodule;
				SWIFT_OPTIMIZATION_LEVEL = "-O";
				VALIDATE_PRODUCT = YES;
			};
			name = Release;
		};
		834BF37825B9AB08009B1E84 /* Debug */ = {
			isa = XCBuildConfiguration;
			buildSettings = {
				ASSETCATALOG_COMPILER_APPICON_NAME = AppIcon;
				ASSETCATALOG_COMPILER_GLOBAL_ACCENT_COLOR_NAME = AccentColor;
				CODE_SIGN_STYLE = Automatic;
				DEVELOPMENT_TEAM = 85H6EPSFT9;
				INFOPLIST_FILE = gamesdb/Info.plist;
				LD_RUNPATH_SEARCH_PATHS = (
					"$(inherited)",
					"@executable_path/Frameworks",
				);
				PRODUCT_BUNDLE_IDENTIFIER = dev.schwizer.gamesdb;
				PRODUCT_NAME = "$(TARGET_NAME)";
				SWIFT_VERSION = 5.0;
				TARGETED_DEVICE_FAMILY = "1,2";
			};
			name = Debug;
		};
		834BF37925B9AB08009B1E84 /* Release */ = {
			isa = XCBuildConfiguration;
			buildSettings = {
				ASSETCATALOG_COMPILER_APPICON_NAME = AppIcon;
				ASSETCATALOG_COMPILER_GLOBAL_ACCENT_COLOR_NAME = AccentColor;
				CODE_SIGN_STYLE = Automatic;
				DEVELOPMENT_TEAM = 85H6EPSFT9;
				INFOPLIST_FILE = gamesdb/Info.plist;
				LD_RUNPATH_SEARCH_PATHS = (
					"$(inherited)",
					"@executable_path/Frameworks",
				);
				PRODUCT_BUNDLE_IDENTIFIER = dev.schwizer.gamesdb;
				PRODUCT_NAME = "$(TARGET_NAME)";
				SWIFT_VERSION = 5.0;
				TARGETED_DEVICE_FAMILY = "1,2";
			};
			name = Release;
		};
/* End XCBuildConfiguration section */

/* Begin XCConfigurationList section */
		834BF35E25B9AB04009B1E84 /* Build configuration list for PBXProject "gamesdb" */ = {
			isa = XCConfigurationList;
			buildConfigurations = (
				834BF37525B9AB08009B1E84 /* Debug */,
				834BF37625B9AB08009B1E84 /* Release */,
			);
			defaultConfigurationIsVisible = 0;
			defaultConfigurationName = Release;
		};
		834BF37725B9AB08009B1E84 /* Build configuration list for PBXNativeTarget "gamesdb" */ = {
			isa = XCConfigurationList;
			buildConfigurations = (
				834BF37825B9AB08009B1E84 /* Debug */,
				834BF37925B9AB08009B1E84 /* Release */,
			);
			defaultConfigurationIsVisible = 0;
			defaultConfigurationName = Release;
		};
/* End XCConfigurationList section */
	};
	rootObject = 834BF35B25B9AB04009B1E84 /* Project object */;
}
